
Microsoft Visual Studio Solution File, Format Version 11.00
# Visual Studio 2010
Project("{FAE04EC0-301F-11D3-BF4B-00C04F79EFBC}") = "CuffsnButtons", "CuffsnButtons\CuffsnButtons.csproj", "{722A7502-3731-4437-BDE2-9203BF2A9A6D}"
EndProject
Project("{FAE04EC0-301F-11D3-BF4B-00C04F79EFBC}") = "DAL", "DAL\DAL.csproj", "{1ADC5E90-D876-4C04-ACD5-FA7229E789B1}"
EndProject
Global
	GlobalSection(SolutionConfigurationPlatforms) = preSolution
		Debug|Any CPU = Debug|Any CPU
		Release|Any CPU = Release|Any CPU
	EndGlobalSection
	GlobalSection(ProjectConfigurationPlatforms) = postSolution
		{722A7502-3731-4437-BDE2-9203BF2A9A6D}.Debug|Any CPU.ActiveCfg = Debug|Any CPU
		{722A7502-3731-4437-BDE2-9203BF2A9A6D}.Debug|Any CPU.Build.0 = Debug|Any CPU
		{722A7502-3731-4437-BDE2-9203BF2A9A6D}.Release|Any CPU.ActiveCfg = Release|Any CPU
		{722A7502-3731-4437-BDE2-9203BF2A9A6D}.Release|Any CPU.Build.0 = Release|Any CPU
		{1ADC5E90-D876-4C04-ACD5-FA7229E789B1}.Debug|Any CPU.ActiveCfg = Debug|Any CPU
		{1ADC5E90-D876-4C04-ACD5-FA7229E789B1}.Debug|Any CPU.Build.0 = Debug|Any CPU
		{1ADC5E90-D876-4C04-ACD5-FA7229E789B1}.Release|Any CPU.ActiveCfg = Release|Any CPU
		{1ADC5E90-D876-4C04-ACD5-FA7229E789B1}.Release|Any CPU.Build.0 = Release|Any CPU
	EndGlobalSection
	GlobalSection(SolutionProperties) = preSolution
		HideSolutionNode = FALSE
	EndGlobalSection
EndGlobal
